
Microsoft Visual Studio Solution File, Format Version 12.00
# Visual Studio Version 16
VisualStudioVersion = 16.0.29613.14
MinimumVisualStudioVersion = 10.0.40219.1
Project("{FAE04EC0-301F-11D3-BF4B-00C04F79EFBC}") = "XMLtoJsonApi", "XMLtoJsonApi\XMLtoJsonApi.csproj", "{435CADAD-E549-4AAE-AE9F-A0CC09712B8E}"
EndProject
Global
	GlobalSection(SolutionConfigurationPlatforms) = preSolution
		Debug|Any CPU = Debug|Any CPU
		Release|Any CPU = Release|Any CPU
	EndGlobalSection
	GlobalSection(ProjectConfigurationPlatforms) = postSolution
		{435CADAD-E549-4AAE-AE9F-A0CC09712B8E}.Debug|Any CPU.ActiveCfg = Debug|Any CPU
		{435CADAD-E549-4AAE-AE9F-A0CC09712B8E}.Debug|Any CPU.Build.0 = Debug|Any CPU
		{435CADAD-E549-4AAE-AE9F-A0CC09712B8E}.Release|Any CPU.ActiveCfg = Release|Any CPU
		{435CADAD-E549-4AAE-AE9F-A0CC09712B8E}.Release|Any CPU.Build.0 = Release|Any CPU
	EndGlobalSection
	GlobalSection(SolutionProperties) = preSolution
		HideSolutionNode = FALSE
	EndGlobalSection
	GlobalSection(ExtensibilityGlobals) = postSolution
		SolutionGuid = {23F1D17E-0880-4594-92E8-2C4CA4C959B8}
	EndGlobalSection
EndGlobal
